<Solution>
  <Folder Name="/docker/" />
  <Folder Name="/src/">
    <Project Path="src/Remby.api/Remby.api.csproj" />
    <Project Path="src/Remby.Application/Remby.Application.csproj" />
    <Project Path="src/Remby.Domain/Remby.Domain.csproj" />
    <Project Path="src/Remby.Infrastructure/Remby.Infrastructure.csproj" />
  </Folder>
</Solution>
