<Solution>
  <Folder Name="/docker/">
    <File Path="compose.yaml" />
  </Folder>
  <Folder Name="/src/">
    <Project Path="src/Remby.Application/Remby.Application.csproj" />
    <Project Path="src/Remby.Domain/Remby.Domain.csproj" />
    <Project Path="src/Remby.Infrastructure/Remby.Infrastructure.csproj" />
    <Project Path="src\Remby.Api\Remby.Api.csproj" />
  </Folder>
  <Folder Name="/test/">
    <Project Path="test/Remby.UnitTests/Remby.UnitTests.csproj" />
  </Folder>
</Solution>
